
Microsoft Visual Studio Solution File, Format Version 12.00
# Visual Studio Version 16
VisualStudioVersion = 16.0.30011.22
MinimumVisualStudioVersion = 10.0.40219.1
Project("{D2ABAB84-BF74-430A-B69E-9DC6D40DDA17}") = "Mycubes", "Mycubes\Mycubes.dwproj", "{70D164FA-2997-4CA0-966C-FA73213EF529}"
EndProject
Global
	GlobalSection(SolutionConfigurationPlatforms) = preSolution
		Development|Default = Development|Default
	EndGlobalSection
	GlobalSection(ProjectConfigurationPlatforms) = postSolution
		{70D164FA-2997-4CA0-966C-FA73213EF529}.Development|Default.ActiveCfg = Development
		{70D164FA-2997-4CA0-966C-FA73213EF529}.Development|Default.Build.0 = Development
		{70D164FA-2997-4CA0-966C-FA73213EF529}.Development|Default.Deploy.0 = Development
	EndGlobalSection
	GlobalSection(SolutionProperties) = preSolution
		HideSolutionNode = FALSE
	EndGlobalSection
	GlobalSection(ExtensibilityGlobals) = postSolution
		SolutionGuid = {7919325E-E13A-4CD0-8CF7-AA5C629905A7}
	EndGlobalSection
EndGlobal
